
Microsoft Visual Studio Solution File, Format Version 12.00
# Visual Studio Version 17
VisualStudioVersion = 17.3.32804.467
MinimumVisualStudioVersion = 10.0.40219.1
Project("{FAE04EC0-301F-11D3-BF4B-00C04F79EFBC}") = "Lib_Proveedor", "Lib_Proveedor\Lib_Proveedor.csproj", "{C94287D8-5521-4EEA-94B0-CC1EAE603D4C}"
EndProject
Global
	GlobalSection(SolutionConfigurationPlatforms) = preSolution
		Debug|Any CPU = Debug|Any CPU
		Release|Any CPU = Release|Any CPU
	EndGlobalSection
	GlobalSection(ProjectConfigurationPlatforms) = postSolution
		{C94287D8-5521-4EEA-94B0-CC1EAE603D4C}.Debug|Any CPU.ActiveCfg = Debug|Any CPU
		{C94287D8-5521-4EEA-94B0-CC1EAE603D4C}.Debug|Any CPU.Build.0 = Debug|Any CPU
		{C94287D8-5521-4EEA-94B0-CC1EAE603D4C}.Release|Any CPU.ActiveCfg = Release|Any CPU
		{C94287D8-5521-4EEA-94B0-CC1EAE603D4C}.Release|Any CPU.Build.0 = Release|Any CPU
	EndGlobalSection
	GlobalSection(SolutionProperties) = preSolution
		HideSolutionNode = FALSE
	EndGlobalSection
	GlobalSection(ExtensibilityGlobals) = postSolution
		SolutionGuid = {3ED0759C-6775-48B8-8023-3853EB5671A6}
	EndGlobalSection
EndGlobal
